{
  "requires": true,
  "lockfileVersion": 1,
  "dependencies": {
    "focus-visible": {
      "version": "4.1.4",
      "resolved": "https://registry.npmjs.org/focus-visible/-/focus-visible-4.1.4.tgz",
      "integrity": "sha512-Iu2x7E429OossjpYaI403Qr/lFaqLcUsvk425x35ve/zyU6oi+Hlv+VAtVWGYqq36r7f4BDMwCn93XAFnmH5fA=="
    }
  }
}
